
Microsoft Visual Studio Solution File, Format Version 12.00
# Visual Studio Version 17
VisualStudioVersion = 17.0.32014.148
MinimumVisualStudioVersion = 10.0.40219.1
Project("{FAE04EC0-301F-11D3-BF4B-00C04F79EFBC}") = "RabbitMQApi", "RabbitMQApi\RabbitMQApi.csproj", "{D8DBEC3D-21B3-4EC0-AB82-B983C9118C67}"
EndProject
Project("{FAE04EC0-301F-11D3-BF4B-00C04F79EFBC}") = "RabbitMQ", "RabbitMQ\RabbitMQ.csproj", "{81912549-D375-429F-B53A-1F92A83C5187}"
EndProject
Project("{FAE04EC0-301F-11D3-BF4B-00C04F79EFBC}") = "RabbitMqListener", "RabbitMqListener\RabbitMqListener.csproj", "{FEDE743F-5C07-41FC-8477-BB680F0D532B}"
EndProject
Global
	GlobalSection(SolutionConfigurationPlatforms) = preSolution
		Debug|Any CPU = Debug|Any CPU
		Release|Any CPU = Release|Any CPU
	EndGlobalSection
	GlobalSection(ProjectConfigurationPlatforms) = postSolution
		{D8DBEC3D-21B3-4EC0-AB82-B983C9118C67}.Debug|Any CPU.ActiveCfg = Debug|Any CPU
		{D8DBEC3D-21B3-4EC0-AB82-B983C9118C67}.Debug|Any CPU.Build.0 = Debug|Any CPU
		{D8DBEC3D-21B3-4EC0-AB82-B983C9118C67}.Release|Any CPU.ActiveCfg = Release|Any CPU
		{D8DBEC3D-21B3-4EC0-AB82-B983C9118C67}.Release|Any CPU.Build.0 = Release|Any CPU
		{81912549-D375-429F-B53A-1F92A83C5187}.Debug|Any CPU.ActiveCfg = Debug|Any CPU
		{81912549-D375-429F-B53A-1F92A83C5187}.Debug|Any CPU.Build.0 = Debug|Any CPU
		{81912549-D375-429F-B53A-1F92A83C5187}.Release|Any CPU.ActiveCfg = Release|Any CPU
		{81912549-D375-429F-B53A-1F92A83C5187}.Release|Any CPU.Build.0 = Release|Any CPU
		{FEDE743F-5C07-41FC-8477-BB680F0D532B}.Debug|Any CPU.ActiveCfg = Debug|Any CPU
		{FEDE743F-5C07-41FC-8477-BB680F0D532B}.Debug|Any CPU.Build.0 = Debug|Any CPU
		{FEDE743F-5C07-41FC-8477-BB680F0D532B}.Release|Any CPU.ActiveCfg = Release|Any CPU
		{FEDE743F-5C07-41FC-8477-BB680F0D532B}.Release|Any CPU.Build.0 = Release|Any CPU
	EndGlobalSection
	GlobalSection(SolutionProperties) = preSolution
		HideSolutionNode = FALSE
	EndGlobalSection
	GlobalSection(ExtensibilityGlobals) = postSolution
		SolutionGuid = {20FCF9A2-19F2-47DD-BF4D-18EFB2222E23}
	EndGlobalSection
EndGlobal
